
Microsoft Visual Studio Solution File, Format Version 12.00
# Visual Studio Version 17
VisualStudioVersion = 17.10.35027.167
MinimumVisualStudioVersion = 10.0.40219.1
Project("{FAE04EC0-301F-11D3-BF4B-00C04F79EFBC}") = "ConvertorTemperaturas", "ConvertorTemperaturas\ConvertorTemperaturas.csproj", "{3A2F461E-3B79-4634-A3B3-30A121B1B9AB}"
EndProject
Project("{FAE04EC0-301F-11D3-BF4B-00C04F79EFBC}") = "TemperatureLibrary", "TemperatureLibrary\TemperatureLibrary.csproj", "{B38F9E9F-1CC0-4486-9298-7FEB3630B4D0}"
EndProject
Project("{FAE04EC0-301F-11D3-BF4B-00C04F79EFBC}") = "resultConvertion", "resultConvertion\resultConvertion.csproj", "{73D7B495-49F6-42D4-961E-93E786A93A58}"
EndProject
Global
	GlobalSection(SolutionConfigurationPlatforms) = preSolution
		Debug|Any CPU = Debug|Any CPU
		Release|Any CPU = Release|Any CPU
	EndGlobalSection
	GlobalSection(ProjectConfigurationPlatforms) = postSolution
		{3A2F461E-3B79-4634-A3B3-30A121B1B9AB}.Debug|Any CPU.ActiveCfg = Debug|Any CPU
		{3A2F461E-3B79-4634-A3B3-30A121B1B9AB}.Debug|Any CPU.Build.0 = Debug|Any CPU
		{3A2F461E-3B79-4634-A3B3-30A121B1B9AB}.Release|Any CPU.ActiveCfg = Release|Any CPU
		{3A2F461E-3B79-4634-A3B3-30A121B1B9AB}.Release|Any CPU.Build.0 = Release|Any CPU
		{B38F9E9F-1CC0-4486-9298-7FEB3630B4D0}.Debug|Any CPU.ActiveCfg = Debug|Any CPU
		{B38F9E9F-1CC0-4486-9298-7FEB3630B4D0}.Debug|Any CPU.Build.0 = Debug|Any CPU
		{B38F9E9F-1CC0-4486-9298-7FEB3630B4D0}.Release|Any CPU.ActiveCfg = Release|Any CPU
		{B38F9E9F-1CC0-4486-9298-7FEB3630B4D0}.Release|Any CPU.Build.0 = Release|Any CPU
		{73D7B495-49F6-42D4-961E-93E786A93A58}.Debug|Any CPU.ActiveCfg = Debug|Any CPU
		{73D7B495-49F6-42D4-961E-93E786A93A58}.Debug|Any CPU.Build.0 = Debug|Any CPU
		{73D7B495-49F6-42D4-961E-93E786A93A58}.Release|Any CPU.ActiveCfg = Release|Any CPU
		{73D7B495-49F6-42D4-961E-93E786A93A58}.Release|Any CPU.Build.0 = Release|Any CPU
	EndGlobalSection
	GlobalSection(SolutionProperties) = preSolution
		HideSolutionNode = FALSE
	EndGlobalSection
	GlobalSection(ExtensibilityGlobals) = postSolution
		SolutionGuid = {3E34ECAF-89F8-4F75-9FB6-89B2EA07594C}
	EndGlobalSection
EndGlobal
